
Microsoft Visual Studio Solution File, Format Version 12.00
# Visual Studio 15
VisualStudioVersion = 15.0.26730.12
MinimumVisualStudioVersion = 10.0.40219.1
Project("{FAE04EC0-301F-11D3-BF4B-00C04F79EFBC}") = "Compensation", "Compensation\Compensation.csproj", "{F3C2D2D3-D47C-4322-88FF-07FB6B892293}"
EndProject
Global
	GlobalSection(SolutionConfigurationPlatforms) = preSolution
		Debug|Any CPU = Debug|Any CPU
		Release|Any CPU = Release|Any CPU
	EndGlobalSection
	GlobalSection(ProjectConfigurationPlatforms) = postSolution
		{F3C2D2D3-D47C-4322-88FF-07FB6B892293}.Debug|Any CPU.ActiveCfg = Debug|Any CPU
		{F3C2D2D3-D47C-4322-88FF-07FB6B892293}.Debug|Any CPU.Build.0 = Debug|Any CPU
		{F3C2D2D3-D47C-4322-88FF-07FB6B892293}.Release|Any CPU.ActiveCfg = Release|Any CPU
		{F3C2D2D3-D47C-4322-88FF-07FB6B892293}.Release|Any CPU.Build.0 = Release|Any CPU
	EndGlobalSection
	GlobalSection(SolutionProperties) = preSolution
		HideSolutionNode = FALSE
	EndGlobalSection
	GlobalSection(ExtensibilityGlobals) = postSolution
		SolutionGuid = {20DD711E-0439-402A-AEFF-9CAE5B5ABA6E}
	EndGlobalSection
EndGlobal
